
Microsoft Visual Studio Solution File, Format Version 12.00
# Visual Studio Version 16
VisualStudioVersion = 16.0.29613.14
MinimumVisualStudioVersion = 10.0.40219.1
Project("{8BC9CEB8-8B4A-11D0-8D11-00A0C91BC942}") = "CS2", "CS2\CS2.vcxproj", "{8F7CC3C1-626C-440F-838F-4B4D2E0957FD}"
EndProject
Project("{8BC9CEB8-8B4A-11D0-8D11-00A0C91BC942}") = "CS2-Module01", "CS2-Module01\CS2-Module01.vcxproj", "{9F4600A4-D79A-41C2-92B4-B292B25CD2FC}"
EndProject
Project("{8BC9CEB8-8B4A-11D0-8D11-00A0C91BC942}") = "Pointers-Prt. 1", "Pointers\Pointers.vcxproj", "{176DAC63-6084-4ECE-BFB0-B0CC8A89D1CA}"
EndProject
Project("{8BC9CEB8-8B4A-11D0-8D11-00A0C91BC942}") = "Ch9-Challenge11", "Ch9-Challenge11\Ch9-Challenge11.vcxproj", "{DB937A3F-9250-4A46-AE55-30579BD713C0}"
EndProject
Project("{8BC9CEB8-8B4A-11D0-8D11-00A0C91BC942}") = "Strings", "Strings\Strings.vcxproj", "{322A6986-D28D-4E4F-ACE8-FB3373B1AA63}"
EndProject
Project("{8BC9CEB8-8B4A-11D0-8D11-00A0C91BC942}") = "C-String12", "C-String12\C-String12.vcxproj", "{8897A7FD-6830-4F9C-BC94-A1B353E51DC6}"
EndProject
Project("{8BC9CEB8-8B4A-11D0-8D11-00A0C91BC942}") = "TestProjectA", "TestProjectA\TestProjectA.vcxproj", "{2CC43EC0-6A55-4B33-8C0A-728E3209708E}"
EndProject
Global
	GlobalSection(SolutionConfigurationPlatforms) = preSolution
		Debug|x64 = Debug|x64
		Debug|x86 = Debug|x86
		Release|x64 = Release|x64
		Release|x86 = Release|x86
	EndGlobalSection
	GlobalSection(ProjectConfigurationPlatforms) = postSolution
		{8F7CC3C1-626C-440F-838F-4B4D2E0957FD}.Debug|x64.ActiveCfg = Debug|x64
		{8F7CC3C1-626C-440F-838F-4B4D2E0957FD}.Debug|x64.Build.0 = Debug|x64
		{8F7CC3C1-626C-440F-838F-4B4D2E0957FD}.Debug|x86.ActiveCfg = Debug|Win32
		{8F7CC3C1-626C-440F-838F-4B4D2E0957FD}.Debug|x86.Build.0 = Debug|Win32
		{8F7CC3C1-626C-440F-838F-4B4D2E0957FD}.Release|x64.ActiveCfg = Release|x64
		{8F7CC3C1-626C-440F-838F-4B4D2E0957FD}.Release|x64.Build.0 = Release|x64
		{8F7CC3C1-626C-440F-838F-4B4D2E0957FD}.Release|x86.ActiveCfg = Release|Win32
		{8F7CC3C1-626C-440F-838F-4B4D2E0957FD}.Release|x86.Build.0 = Release|Win32
		{9F4600A4-D79A-41C2-92B4-B292B25CD2FC}.Debug|x64.ActiveCfg = Debug|x64
		{9F4600A4-D79A-41C2-92B4-B292B25CD2FC}.Debug|x64.Build.0 = Debug|x64
		{9F4600A4-D79A-41C2-92B4-B292B25CD2FC}.Debug|x86.ActiveCfg = Debug|Win32
		{9F4600A4-D79A-41C2-92B4-B292B25CD2FC}.Debug|x86.Build.0 = Debug|Win32
		{9F4600A4-D79A-41C2-92B4-B292B25CD2FC}.Release|x64.ActiveCfg = Release|x64
		{9F4600A4-D79A-41C2-92B4-B292B25CD2FC}.Release|x64.Build.0 = Release|x64
		{9F4600A4-D79A-41C2-92B4-B292B25CD2FC}.Release|x86.ActiveCfg = Release|Win32
		{9F4600A4-D79A-41C2-92B4-B292B25CD2FC}.Release|x86.Build.0 = Release|Win32
		{176DAC63-6084-4ECE-BFB0-B0CC8A89D1CA}.Debug|x64.ActiveCfg = Debug|x64
		{176DAC63-6084-4ECE-BFB0-B0CC8A89D1CA}.Debug|x64.Build.0 = Debug|x64
		{176DAC63-6084-4ECE-BFB0-B0CC8A89D1CA}.Debug|x86.ActiveCfg = Debug|Win32
		{176DAC63-6084-4ECE-BFB0-B0CC8A89D1CA}.Debug|x86.Build.0 = Debug|Win32
		{176DAC63-6084-4ECE-BFB0-B0CC8A89D1CA}.Release|x64.ActiveCfg = Release|x64
		{176DAC63-6084-4ECE-BFB0-B0CC8A89D1CA}.Release|x64.Build.0 = Release|x64
		{176DAC63-6084-4ECE-BFB0-B0CC8A89D1CA}.Release|x86.ActiveCfg = Release|Win32
		{176DAC63-6084-4ECE-BFB0-B0CC8A89D1CA}.Release|x86.Build.0 = Release|Win32
		{DB937A3F-9250-4A46-AE55-30579BD713C0}.Debug|x64.ActiveCfg = Debug|x64
		{DB937A3F-9250-4A46-AE55-30579BD713C0}.Debug|x64.Build.0 = Debug|x64
		{DB937A3F-9250-4A46-AE55-30579BD713C0}.Debug|x86.ActiveCfg = Debug|Win32
		{DB937A3F-9250-4A46-AE55-30579BD713C0}.Debug|x86.Build.0 = Debug|Win32
		{DB937A3F-9250-4A46-AE55-30579BD713C0}.Release|x64.ActiveCfg = Release|x64
		{DB937A3F-9250-4A46-AE55-30579BD713C0}.Release|x64.Build.0 = Release|x64
		{DB937A3F-9250-4A46-AE55-30579BD713C0}.Release|x86.ActiveCfg = Release|Win32
		{DB937A3F-9250-4A46-AE55-30579BD713C0}.Release|x86.Build.0 = Release|Win32
		{322A6986-D28D-4E4F-ACE8-FB3373B1AA63}.Debug|x64.ActiveCfg = Debug|x64
		{322A6986-D28D-4E4F-ACE8-FB3373B1AA63}.Debug|x64.Build.0 = Debug|x64
		{322A6986-D28D-4E4F-ACE8-FB3373B1AA63}.Debug|x86.ActiveCfg = Debug|Win32
		{322A6986-D28D-4E4F-ACE8-FB3373B1AA63}.Debug|x86.Build.0 = Debug|Win32
		{322A6986-D28D-4E4F-ACE8-FB3373B1AA63}.Release|x64.ActiveCfg = Release|x64
		{322A6986-D28D-4E4F-ACE8-FB3373B1AA63}.Release|x64.Build.0 = Release|x64
		{322A6986-D28D-4E4F-ACE8-FB3373B1AA63}.Release|x86.ActiveCfg = Release|Win32
		{322A6986-D28D-4E4F-ACE8-FB3373B1AA63}.Release|x86.Build.0 = Release|Win32
		{8897A7FD-6830-4F9C-BC94-A1B353E51DC6}.Debug|x64.ActiveCfg = Debug|x64
		{8897A7FD-6830-4F9C-BC94-A1B353E51DC6}.Debug|x64.Build.0 = Debug|x64
		{8897A7FD-6830-4F9C-BC94-A1B353E51DC6}.Debug|x86.ActiveCfg = Debug|Win32
		{8897A7FD-6830-4F9C-BC94-A1B353E51DC6}.Debug|x86.Build.0 = Debug|Win32
		{8897A7FD-6830-4F9C-BC94-A1B353E51DC6}.Release|x64.ActiveCfg = Release|x64
		{8897A7FD-6830-4F9C-BC94-A1B353E51DC6}.Release|x64.Build.0 = Release|x64
		{8897A7FD-6830-4F9C-BC94-A1B353E51DC6}.Release|x86.ActiveCfg = Release|Win32
		{8897A7FD-6830-4F9C-BC94-A1B353E51DC6}.Release|x86.Build.0 = Release|Win32
		{2CC43EC0-6A55-4B33-8C0A-728E3209708E}.Debug|x64.ActiveCfg = Debug|x64
		{2CC43EC0-6A55-4B33-8C0A-728E3209708E}.Debug|x64.Build.0 = Debug|x64
		{2CC43EC0-6A55-4B33-8C0A-728E3209708E}.Debug|x86.ActiveCfg = Debug|Win32
		{2CC43EC0-6A55-4B33-8C0A-728E3209708E}.Debug|x86.Build.0 = Debug|Win32
		{2CC43EC0-6A55-4B33-8C0A-728E3209708E}.Release|x64.ActiveCfg = Release|x64
		{2CC43EC0-6A55-4B33-8C0A-728E3209708E}.Release|x64.Build.0 = Release|x64
		{2CC43EC0-6A55-4B33-8C0A-728E3209708E}.Release|x86.ActiveCfg = Release|Win32
		{2CC43EC0-6A55-4B33-8C0A-728E3209708E}.Release|x86.Build.0 = Release|Win32
	EndGlobalSection
	GlobalSection(SolutionProperties) = preSolution
		HideSolutionNode = FALSE
	EndGlobalSection
	GlobalSection(ExtensibilityGlobals) = postSolution
		SolutionGuid = {3C202056-005C-4D89-BEFE-2AD2C693D4EB}
	EndGlobalSection
EndGlobal
